
Microsoft Visual Studio Solution File, Format Version 12.00
# Visual Studio Version 16
VisualStudioVersion = 16.0.31321.278
MinimumVisualStudioVersion = 10.0.40219.1
Project("{9A19103F-16F7-4668-BE54-9A1E7A4F7556}") = "LetsCode.Resistance.API", "LetsCode.Resistence.API\LetsCode.Resistance.API.csproj", "{2164B154-8030-4DE8-9E08-26D70ABB3FD7}"
EndProject
Project("{9A19103F-16F7-4668-BE54-9A1E7A4F7556}") = "LetsCode.Resistance.Infrastructure", "LetsCode.Resistence.Infrastructure\LetsCode.Resistance.Infrastructure.csproj", "{EB2215A2-AE11-422E-A2C7-FC3033802DE5}"
EndProject
Project("{FAE04EC0-301F-11D3-BF4B-00C04F79EFBC}") = "LetsCode.Resistance.Domain", "LetsCode.Resisance.Domain\LetsCode.Resistance.Domain.csproj", "{5386305E-8846-416A-AB1E-0951F27F5BB3}"
EndProject
Global
	GlobalSection(SolutionConfigurationPlatforms) = preSolution
		Debug|Any CPU = Debug|Any CPU
		Release|Any CPU = Release|Any CPU
	EndGlobalSection
	GlobalSection(ProjectConfigurationPlatforms) = postSolution
		{2164B154-8030-4DE8-9E08-26D70ABB3FD7}.Debug|Any CPU.ActiveCfg = Debug|Any CPU
		{2164B154-8030-4DE8-9E08-26D70ABB3FD7}.Debug|Any CPU.Build.0 = Debug|Any CPU
		{2164B154-8030-4DE8-9E08-26D70ABB3FD7}.Release|Any CPU.ActiveCfg = Release|Any CPU
		{2164B154-8030-4DE8-9E08-26D70ABB3FD7}.Release|Any CPU.Build.0 = Release|Any CPU
		{EB2215A2-AE11-422E-A2C7-FC3033802DE5}.Debug|Any CPU.ActiveCfg = Debug|Any CPU
		{EB2215A2-AE11-422E-A2C7-FC3033802DE5}.Debug|Any CPU.Build.0 = Debug|Any CPU
		{EB2215A2-AE11-422E-A2C7-FC3033802DE5}.Release|Any CPU.ActiveCfg = Release|Any CPU
		{EB2215A2-AE11-422E-A2C7-FC3033802DE5}.Release|Any CPU.Build.0 = Release|Any CPU
		{5386305E-8846-416A-AB1E-0951F27F5BB3}.Debug|Any CPU.ActiveCfg = Debug|Any CPU
		{5386305E-8846-416A-AB1E-0951F27F5BB3}.Debug|Any CPU.Build.0 = Debug|Any CPU
		{5386305E-8846-416A-AB1E-0951F27F5BB3}.Release|Any CPU.ActiveCfg = Release|Any CPU
		{5386305E-8846-416A-AB1E-0951F27F5BB3}.Release|Any CPU.Build.0 = Release|Any CPU
	EndGlobalSection
	GlobalSection(SolutionProperties) = preSolution
		HideSolutionNode = FALSE
	EndGlobalSection
	GlobalSection(ExtensibilityGlobals) = postSolution
		SolutionGuid = {6D44E1F9-D656-4597-8A97-AD7ACAC8D0B0}
	EndGlobalSection
EndGlobal
